
Microsoft Visual Studio Solution File, Format Version 11.00
# Visual Studio 2010
Project("{FAE04EC0-301F-11D3-BF4B-00C04F79EFBC}") = "Assembly-CSharp", "Assembly-CSharp.csproj", "{DFBC0DB3-970A-B0F5-E628-87AD47FB8052}"
EndProject
Global
	GlobalSection(SolutionConfigurationPlatforms) = preSolution
		Debug|Any CPU = Debug|Any CPU
		Release|Any CPU = Release|Any CPU
	EndGlobalSection
	GlobalSection(ProjectConfigurationPlatforms) = postSolution
		{DFBC0DB3-970A-B0F5-E628-87AD47FB8052}.Debug|Any CPU.ActiveCfg = Debug|Any CPU
		{DFBC0DB3-970A-B0F5-E628-87AD47FB8052}.Debug|Any CPU.Build.0 = Debug|Any CPU
		{DFBC0DB3-970A-B0F5-E628-87AD47FB8052}.Release|Any CPU.ActiveCfg = Release|Any CPU
		{DFBC0DB3-970A-B0F5-E628-87AD47FB8052}.Release|Any CPU.Build.0 = Release|Any CPU
	EndGlobalSection
	GlobalSection(SolutionProperties) = preSolution
		HideSolutionNode = FALSE
	EndGlobalSection
EndGlobal
